// !$*UTF8*$!
{
	archiveVersion = 1;
	classes = {
	};
	objectVersion = 56;
	objects = {

/* Begin PBXBuildFile section */
		010000000000000000000001 /* FoundryLocalExampleApp.swift in Sources */ = {isa = PBXBuildFile; fileRef = 020000000000000000000001 /* FoundryLocalExampleApp.swift */; };
		010000000000000000000002 /* ContentView.swift in Sources */ = {isa = PBXBuildFile; fileRef = 020000000000000000000002 /* ContentView.swift */; };
		010000000000000000000003 /* ExampleViewModel.swift in Sources */ = {isa = PBXBuildFile; fileRef = 020000000000000000000003 /* ExampleViewModel.swift */; };
		010000000000000000000004 /* FoundryLocal in Frameworks */ = {isa = PBXBuildFile; productRef = 0D0000000000000000000001 /* FoundryLocal */; };
/* End PBXBuildFile section */

/* Begin PBXFileReference section */
		020000000000000000000001 /* FoundryLocalExampleApp.swift */ = {isa = PBXFileReference; lastKnownFileType = sourcecode.swift; path = FoundryLocalExampleApp.swift; sourceTree = "<group>"; };
		020000000000000000000002 /* ContentView.swift */ = {isa = PBXFileReference; lastKnownFileType = sourcecode.swift; path = ContentView.swift; sourceTree = "<group>"; };
		020000000000000000000003 /* ExampleViewModel.swift */ = {isa = PBXFileReference; lastKnownFileType = sourcecode.swift; path = ExampleViewModel.swift; sourceTree = "<group>"; };
		020000000000000000000004 /* FoundryLocalExample.app */ = {isa = PBXFileReference; explicitFileType = wrapper.application; includeInIndex = 0; path = FoundryLocalExample.app; sourceTree = BUILT_PRODUCTS_DIR; };
/* End PBXFileReference section */

/* Begin PBXFrameworksBuildPhase section */
		030000000000000000000001 /* Frameworks */ = {
			isa = PBXFrameworksBuildPhase;
			buildActionMask = 2147483647;
			files = (
				010000000000000000000004 /* FoundryLocal in Frameworks */,
			);
			runOnlyForDeploymentPostprocessing = 0;
		};
/* End PBXFrameworksBuildPhase section */

/* Begin PBXGroup section */
		040000000000000000000001 = {
			isa = PBXGroup;
			children = (
				040000000000000000000002 /* FoundryLocalExample */,
				040000000000000000000003 /* Products */,
			);
			sourceTree = "<group>";
		};
		040000000000000000000002 /* FoundryLocalExample */ = {
			isa = PBXGroup;
			children = (
				020000000000000000000001 /* FoundryLocalExampleApp.swift */,
				020000000000000000000002 /* ContentView.swift */,
				020000000000000000000003 /* ExampleViewModel.swift */,
			);
			path = FoundryLocalExample;
			sourceTree = "<group>";
		};
		040000000000000000000003 /* Products */ = {
			isa = PBXGroup;
			children = (
				020000000000000000000004 /* FoundryLocalExample.app */,
			);
			name = Products;
			sourceTree = "<group>";
		};
/* End PBXGroup section */

/* Begin PBXNativeTarget section */
		050000000000000000000001 /* FoundryLocalExample */ = {
			isa = PBXNativeTarget;
			buildConfigurationList = 0C0000000000000000000002 /* Build configuration list for PBXNativeTarget "FoundryLocalExample" */;
			buildPhases = (
				070000000000000000000001 /* Sources */,
				030000000000000000000001 /* Frameworks */,
				060000000000000000000001 /* Resources */,
			);
			buildRules = (
			);
			dependencies = (
			);
			name = FoundryLocalExample;
			packageProductDependencies = (
				0D0000000000000000000001 /* FoundryLocal */,
			);
			productName = FoundryLocalExample;
			productReference = 020000000000000000000004 /* FoundryLocalExample.app */;
			productType = "com.apple.product-type.application";
		};
/* End PBXNativeTarget section */

/* Begin PBXProject section */
		080000000000000000000001 /* Project object */ = {
			isa = PBXProject;
			attributes = {
				BuildIndependentTargetsInParallel = 1;
				LastSwiftUpdateCheck = 1540;
				LastUpgradeCheck = 1540;
				TargetAttributes = {
					050000000000000000000001 = {
						CreatedOnToolsVersion = 15.4;
					};
				};
			};
			buildConfigurationList = 0C0000000000000000000001 /* Build configuration list for PBXProject "FoundryLocalExample" */;
			compatibilityVersion = "Xcode 14.0";
			developmentRegion = en;
			hasScannedForEncodings = 0;
			knownRegions = (
				en,
				Base,
			);
			mainGroup = 040000000000000000000001;
			packageReferences = (
				0E0000000000000000000001 /* XCLocalSwiftPackageReference "../../bindings/ios" */,
			);
			productRefGroup = 040000000000000000000003 /* Products */;
			projectDirPath = "";
			projectRoot = "";
			targets = (
				050000000000000000000001 /* FoundryLocalExample */,
			);
		};
/* End PBXProject section */

/* Begin PBXResourcesBuildPhase section */
		060000000000000000000001 /* Resources */ = {
			isa = PBXResourcesBuildPhase;
			buildActionMask = 2147483647;
			files = (
			);
			runOnlyForDeploymentPostprocessing = 0;
		};
/* End PBXResourcesBuildPhase section */

/* Begin PBXSourcesBuildPhase section */
		070000000000000000000001 /* Sources */ = {
			isa = PBXSourcesBuildPhase;
			buildActionMask = 2147483647;
			files = (
				010000000000000000000001 /* FoundryLocalExampleApp.swift in Sources */,
				010000000000000000000002 /* ContentView.swift in Sources */,
				010000000000000000000003 /* ExampleViewModel.swift in Sources */,
			);
			runOnlyForDeploymentPostprocessing = 0;
		};
/* End PBXSourcesBuildPhase section */

/* Begin XCBuildConfiguration section */
		090000000000000000000001 /* Debug */ = {
			isa = XCBuildConfiguration;
			buildSettings = {
				ALWAYS_SEARCH_USER_PATHS = NO;
				CLANG_ENABLE_MODULES = YES;
				CLANG_ENABLE_OBJC_ARC = YES;
				DEBUG_INFORMATION_FORMAT = dwarf;
				ENABLE_TESTABILITY = YES;
				GCC_C_LANGUAGE_STANDARD = gnu17;
				GCC_OPTIMIZATION_LEVEL = 0;
				ONLY_ACTIVE_ARCH = YES;
				SDKROOT = iphoneos;
				SWIFT_ACTIVE_COMPILATION_CONDITIONS = DEBUG;
				SWIFT_OPTIMIZATION_LEVEL = "-Onone";
			};
			name = Debug;
		};
		090000000000000000000002 /* Release */ = {
			isa = XCBuildConfiguration;
			buildSettings = {
				ALWAYS_SEARCH_USER_PATHS = NO;
				CLANG_ENABLE_MODULES = YES;
				CLANG_ENABLE_OBJC_ARC = YES;
				DEBUG_INFORMATION_FORMAT = "dwarf-with-dsym";
				ENABLE_NS_ASSERTIONS = NO;
				GCC_C_LANGUAGE_STANDARD = gnu17;
				SDKROOT = iphoneos;
				SWIFT_COMPILATION_MODE = wholemodule;
			};
			name = Release;
		};
		0A0000000000000000000001 /* Debug */ = {
			isa = XCBuildConfiguration;
			buildSettings = {
				CODE_SIGN_STYLE = Automatic;
				CURRENT_PROJECT_VERSION = 1;
				DEVELOPMENT_ASSET_PATHS = "";
				GENERATE_INFOPLIST_FILE = YES;
				INFOPLIST_KEY_CFBundleDisplayName = "Foundry Local";
				INFOPLIST_KEY_LSSupportsOpeningDocumentsInPlace = YES;
				INFOPLIST_KEY_UIApplicationSceneManifest_Generation = YES;
				INFOPLIST_KEY_UIFileSharingEnabled = YES;
				INFOPLIST_KEY_UILaunchScreen_Generation = YES;
				IPHONEOS_DEPLOYMENT_TARGET = 15.0;
				LD_RUNPATH_SEARCH_PATHS = (
					"$(inherited)",
					"@executable_path/Frameworks",
				);
				MARKETING_VERSION = 0.2.0;
				PRODUCT_BUNDLE_IDENTIFIER = com.microsoft.foundrylocal.example;
				PRODUCT_NAME = "$(TARGET_NAME)";
				SUPPORTED_PLATFORMS = "iphoneos iphonesimulator";
				SWIFT_EMIT_LOC_STRINGS = YES;
				SWIFT_VERSION = 5.0;
				TARGETED_DEVICE_FAMILY = "1,2";
			};
			name = Debug;
		};
		0A0000000000000000000002 /* Release */ = {
			isa = XCBuildConfiguration;
			buildSettings = {
				CODE_SIGN_STYLE = Automatic;
				CURRENT_PROJECT_VERSION = 1;
				GENERATE_INFOPLIST_FILE = YES;
				INFOPLIST_KEY_CFBundleDisplayName = "Foundry Local";
				INFOPLIST_KEY_LSSupportsOpeningDocumentsInPlace = YES;
				INFOPLIST_KEY_UIApplicationSceneManifest_Generation = YES;
				INFOPLIST_KEY_UIFileSharingEnabled = YES;
				INFOPLIST_KEY_UILaunchScreen_Generation = YES;
				IPHONEOS_DEPLOYMENT_TARGET = 15.0;
				LD_RUNPATH_SEARCH_PATHS = (
					"$(inherited)",
					"@executable_path/Frameworks",
				);
				MARKETING_VERSION = 0.2.0;
				PRODUCT_BUNDLE_IDENTIFIER = com.microsoft.foundrylocal.example;
				PRODUCT_NAME = "$(TARGET_NAME)";
				SUPPORTED_PLATFORMS = "iphoneos iphonesimulator";
				SWIFT_COMPILATION_MODE = wholemodule;
				SWIFT_VERSION = 5.0;
				TARGETED_DEVICE_FAMILY = "1,2";
			};
			name = Release;
		};
/* End XCBuildConfiguration section */

/* Begin XCConfigurationList section */
		0C0000000000000000000001 /* Build configuration list for PBXProject "FoundryLocalExample" */ = {
			isa = XCConfigurationList;
			buildConfigurations = (
				090000000000000000000001 /* Debug */,
				090000000000000000000002 /* Release */,
			);
			defaultConfigurationIsVisible = 0;
			defaultConfigurationName = Release;
		};
		0C0000000000000000000002 /* Build configuration list for PBXNativeTarget "FoundryLocalExample" */ = {
			isa = XCConfigurationList;
			buildConfigurations = (
				0A0000000000000000000001 /* Debug */,
				0A0000000000000000000002 /* Release */,
			);
			defaultConfigurationIsVisible = 0;
			defaultConfigurationName = Release;
		};
/* End XCConfigurationList section */

/* Begin XCLocalSwiftPackageReference section */
		0E0000000000000000000001 /* XCLocalSwiftPackageReference "../../bindings/ios" */ = {
			isa = XCLocalSwiftPackageReference;
			relativePath = ../../bindings/ios;
		};
/* End XCLocalSwiftPackageReference section */

/* Begin XCSwiftPackageProductDependency section */
		0D0000000000000000000001 /* FoundryLocal */ = {
			isa = XCSwiftPackageProductDependency;
			package = 0E0000000000000000000001 /* XCLocalSwiftPackageReference "../../bindings/ios" */;
			productName = FoundryLocal;
		};
/* End XCSwiftPackageProductDependency section */
	};
	rootObject = 080000000000000000000001 /* Project object */;
}
